
Microsoft Visual Studio Solution File, Format Version 12.00
# Visual Studio Version 16
VisualStudioVersion = 16.0.29806.167
MinimumVisualStudioVersion = 10.0.40219.1
Project("{FAE04EC0-301F-11D3-BF4B-00C04F79EFBC}") = "InterfaceAbstractDemo", "InterfaceAbstractDemo\InterfaceAbstractDemo.csproj", "{CE08D6A2-021E-4048-AC4C-AC6333B3BD2E}"
EndProject
Global
	GlobalSection(SolutionConfigurationPlatforms) = preSolution
		Debug|Any CPU = Debug|Any CPU
		Release|Any CPU = Release|Any CPU
	EndGlobalSection
	GlobalSection(ProjectConfigurationPlatforms) = postSolution
		{CE08D6A2-021E-4048-AC4C-AC6333B3BD2E}.Debug|Any CPU.ActiveCfg = Debug|Any CPU
		{CE08D6A2-021E-4048-AC4C-AC6333B3BD2E}.Debug|Any CPU.Build.0 = Debug|Any CPU
		{CE08D6A2-021E-4048-AC4C-AC6333B3BD2E}.Release|Any CPU.ActiveCfg = Release|Any CPU
		{CE08D6A2-021E-4048-AC4C-AC6333B3BD2E}.Release|Any CPU.Build.0 = Release|Any CPU
	EndGlobalSection
	GlobalSection(SolutionProperties) = preSolution
		HideSolutionNode = FALSE
	EndGlobalSection
	GlobalSection(ExtensibilityGlobals) = postSolution
		SolutionGuid = {28566F3E-581E-4E9A-9740-C1ACCFBC1C2B}
	EndGlobalSection
EndGlobal
